// !$*UTF8*$!
{
	archiveVersion = 1;
	classes = {
	};
	objectVersion = 50;
	objects = {

/* Begin PBXBuildFile section */
		07E62F6424D766EC006A074B /* AppDelegate.swift in Sources */ = {isa = PBXBuildFile; fileRef = 07E62F6324D766EC006A074B /* AppDelegate.swift */; };
		07E62F6624D766EC006A074B /* SceneDelegate.swift in Sources */ = {isa = PBXBuildFile; fileRef = 07E62F6524D766EC006A074B /* SceneDelegate.swift */; };
		07E62F6824D766EC006A074B /* ViewController.swift in Sources */ = {isa = PBXBuildFile; fileRef = 07E62F6724D766EC006A074B /* ViewController.swift */; };
		07E62F6B24D766EC006A074B /* Main.storyboard in Resources */ = {isa = PBXBuildFile; fileRef = 07E62F6924D766EC006A074B /* Main.storyboard */; };
		07E62F6D24D766ED006A074B /* Assets.xcassets in Resources */ = {isa = PBXBuildFile; fileRef = 07E62F6C24D766ED006A074B /* Assets.xcassets */; };
		07E62F7024D766ED006A074B /* LaunchScreen.storyboard in Resources */ = {isa = PBXBuildFile; fileRef = 07E62F6E24D766ED006A074B /* LaunchScreen.storyboard */; };
		07E62F7B24D766ED006A074B /* tipTests.swift in Sources */ = {isa = PBXBuildFile; fileRef = 07E62F7A24D766ED006A074B /* tipTests.swift */; };
		07E62F8624D766ED006A074B /* tipUITests.swift in Sources */ = {isa = PBXBuildFile; fileRef = 07E62F8524D766ED006A074B /* tipUITests.swift */; };
/* End PBXBuildFile section */

/* Begin PBXContainerItemProxy section */
		07E62F7724D766ED006A074B /* PBXContainerItemProxy */ = {
			isa = PBXContainerItemProxy;
			containerPortal = 07E62F5824D766EC006A074B /* Project object */;
			proxyType = 1;
			remoteGlobalIDString = 07E62F5F24D766EC006A074B;
			remoteInfo = tip;
		};
		07E62F8224D766ED006A074B /* PBXContainerItemProxy */ = {
			isa = PBXContainerItemProxy;
			containerPortal = 07E62F5824D766EC006A074B /* Project object */;
			proxyType = 1;
			remoteGlobalIDString = 07E62F5F24D766EC006A074B;
			remoteInfo = tip;
		};
/* End PBXContainerItemProxy section */

/* Begin PBXFileReference section */
		07E62F6024D766EC006A074B /* tip.app */ = {isa = PBXFileReference; explicitFileType = wrapper.application; includeInIndex = 0; path = tip.app; sourceTree = BUILT_PRODUCTS_DIR; };
		07E62F6324D766EC006A074B /* AppDelegate.swift */ = {isa = PBXFileReference; lastKnownFileType = sourcecode.swift; path = AppDelegate.swift; sourceTree = "<group>"; };
		07E62F6524D766EC006A074B /* SceneDelegate.swift */ = {isa = PBXFileReference; lastKnownFileType = sourcecode.swift; path = SceneDelegate.swift; sourceTree = "<group>"; };
		07E62F6724D766EC006A074B /* ViewController.swift */ = {isa = PBXFileReference; lastKnownFileType = sourcecode.swift; path = ViewController.swift; sourceTree = "<group>"; };
		07E62F6A24D766EC006A074B /* Base */ = {isa = PBXFileReference; lastKnownFileType = file.storyboard; name = Base; path = Base.lproj/Main.storyboard; sourceTree = "<group>"; };
		07E62F6C24D766ED006A074B /* Assets.xcassets */ = {isa = PBXFileReference; lastKnownFileType = folder.assetcatalog; path = Assets.xcassets; sourceTree = "<group>"; };
		07E62F6F24D766ED006A074B /* Base */ = {isa = PBXFileReference; lastKnownFileType = file.storyboard; name = Base; path = Base.lproj/LaunchScreen.storyboard; sourceTree = "<group>"; };
		07E62F7124D766ED006A074B /* Info.plist */ = {isa = PBXFileReference; lastKnownFileType = text.plist.xml; path = Info.plist; sourceTree = "<group>"; };
		07E62F7624D766ED006A074B /* tipTests.xctest */ = {isa = PBXFileReference; explicitFileType = wrapper.cfbundle; includeInIndex = 0; path = tipTests.xctest; sourceTree = BUILT_PRODUCTS_DIR; };
		07E62F7A24D766ED006A074B /* tipTests.swift */ = {isa = PBXFileReference; lastKnownFileType = sourcecode.swift; path = tipTests.swift; sourceTree = "<group>"; };
		07E62F7C24D766ED006A074B /* Info.plist */ = {isa = PBXFileReference; lastKnownFileType = text.plist.xml; path = Info.plist; sourceTree = "<group>"; };
		07E62F8124D766ED006A074B /* tipUITests.xctest */ = {isa = PBXFileReference; explicitFileType = wrapper.cfbundle; includeInIndex = 0; path = tipUITests.xctest; sourceTree = BUILT_PRODUCTS_DIR; };
		07E62F8524D766ED006A074B /* tipUITests.swift */ = {isa = PBXFileReference; lastKnownFileType = sourcecode.swift; path = tipUITests.swift; sourceTree = "<group>"; };
		07E62F8724D766ED006A074B /* Info.plist */ = {isa = PBXFileReference; lastKnownFileType = text.plist.xml; path = Info.plist; sourceTree = "<group>"; };
/* End PBXFileReference section */

/* Begin PBXFrameworksBuildPhase section */
		07E62F5D24D766EC006A074B /* Frameworks */ = {
			isa = PBXFrameworksBuildPhase;
			buildActionMask = 2147483647;
			files = (
			);
			runOnlyForDeploymentPostprocessing = 0;
		};
		07E62F7324D766ED006A074B /* Frameworks */ = {
			isa = PBXFrameworksBuildPhase;
			buildActionMask = 2147483647;
			files = (
			);
			runOnlyForDeploymentPostprocessing = 0;
		};
		07E62F7E24D766ED006A074B /* Frameworks */ = {
			isa = PBXFrameworksBuildPhase;
			buildActionMask = 2147483647;
			files = (
			);
			runOnlyForDeploymentPostprocessing = 0;
		};
/* End PBXFrameworksBuildPhase section */

/* Begin PBXGroup section */
		07E62F5724D766EC006A074B = {
			isa = PBXGroup;
			children = (
				07E62F6224D766EC006A074B /* tip */,
				07E62F7924D766ED006A074B /* tipTests */,
				07E62F8424D766ED006A074B /* tipUITests */,
				07E62F6124D766EC006A074B /* Products */,
			);
			sourceTree = "<group>";
		};
		07E62F6124D766EC006A074B /* Products */ = {
			isa = PBXGroup;
			children = (
				07E62F6024D766EC006A074B /* tip.app */,
				07E62F7624D766ED006A074B /* tipTests.xctest */,
				07E62F8124D766ED006A074B /* tipUITests.xctest */,
			);
			name = Products;
			sourceTree = "<group>";
		};
		07E62F6224D766EC006A074B /* tip */ = {
			isa = PBXGroup;
			children = (
				07E62F6324D766EC006A074B /* AppDelegate.swift */,
				07E62F6524D766EC006A074B /* SceneDelegate.swift */,
				07E62F6724D766EC006A074B /* ViewController.swift */,
				07E62F6924D766EC006A074B /* Main.storyboard */,
				07E62F6C24D766ED006A074B /* Assets.xcassets */,
				07E62F6E24D766ED006A074B /* LaunchScreen.storyboard */,
				07E62F7124D766ED006A074B /* Info.plist */,
			);
			path = tip;
			sourceTree = "<group>";
		};
		07E62F7924D766ED006A074B /* tipTests */ = {
			isa = PBXGroup;
			children = (
				07E62F7A24D766ED006A074B /* tipTests.swift */,
				07E62F7C24D766ED006A074B /* Info.plist */,
			);
			path = tipTests;
			sourceTree = "<group>";
		};
		07E62F8424D766ED006A074B /* tipUITests */ = {
			isa = PBXGroup;
			children = (
				07E62F8524D766ED006A074B /* tipUITests.swift */,
				07E62F8724D766ED006A074B /* Info.plist */,
			);
			path = tipUITests;
			sourceTree = "<group>";
		};
/* End PBXGroup section */

/* Begin PBXNativeTarget section */
		07E62F5F24D766EC006A074B /* tip */ = {
			isa = PBXNativeTarget;
			buildConfigurationList = 07E62F8A24D766ED006A074B /* Build configuration list for PBXNativeTarget "tip" */;
			buildPhases = (
				07E62F5C24D766EC006A074B /* Sources */,
				07E62F5D24D766EC006A074B /* Frameworks */,
				07E62F5E24D766EC006A074B /* Resources */,
			);
			buildRules = (
			);
			dependencies = (
			);
			name = tip;
			productName = tip;
			productReference = 07E62F6024D766EC006A074B /* tip.app */;
			productType = "com.apple.product-type.application";
		};
		07E62F7524D766ED006A074B /* tipTests */ = {
			isa = PBXNativeTarget;
			buildConfigurationList = 07E62F8D24D766ED006A074B /* Build configuration list for PBXNativeTarget "tipTests" */;
			buildPhases = (
				07E62F7224D766ED006A074B /* Sources */,
				07E62F7324D766ED006A074B /* Frameworks */,
				07E62F7424D766ED006A074B /* Resources */,
			);
			buildRules = (
			);
			dependencies = (
				07E62F7824D766ED006A074B /* PBXTargetDependency */,
			);
			name = tipTests;
			productName = tipTests;
			productReference = 07E62F7624D766ED006A074B /* tipTests.xctest */;
			productType = "com.apple.product-type.bundle.unit-test";
		};
		07E62F8024D766ED006A074B /* tipUITests */ = {
			isa = PBXNativeTarget;
			buildConfigurationList = 07E62F9024D766ED006A074B /* Build configuration list for PBXNativeTarget "tipUITests" */;
			buildPhases = (
				07E62F7D24D766ED006A074B /* Sources */,
				07E62F7E24D766ED006A074B /* Frameworks */,
				07E62F7F24D766ED006A074B /* Resources */,
			);
			buildRules = (
			);
			dependencies = (
				07E62F8324D766ED006A074B /* PBXTargetDependency */,
			);
			name = tipUITests;
			productName = tipUITests;
			productReference = 07E62F8124D766ED006A074B /* tipUITests.xctest */;
			productType = "com.apple.product-type.bundle.ui-testing";
		};
/* End PBXNativeTarget section */

/* Begin PBXProject section */
		07E62F5824D766EC006A074B /* Project object */ = {
			isa = PBXProject;
			attributes = {
				LastSwiftUpdateCheck = 1130;
				LastUpgradeCheck = 1130;
				ORGANIZATIONNAME = Codepath;
				TargetAttributes = {
					07E62F5F24D766EC006A074B = {
						CreatedOnToolsVersion = 11.3.1;
					};
					07E62F7524D766ED006A074B = {
						CreatedOnToolsVersion = 11.3.1;
						TestTargetID = 07E62F5F24D766EC006A074B;
					};
					07E62F8024D766ED006A074B = {
						CreatedOnToolsVersion = 11.3.1;
						TestTargetID = 07E62F5F24D766EC006A074B;
					};
				};
			};
			buildConfigurationList = 07E62F5B24D766EC006A074B /* Build configuration list for PBXProject "tip" */;
			compatibilityVersion = "Xcode 9.3";
			developmentRegion = en;
			hasScannedForEncodings = 0;
			knownRegions = (
				en,
				Base,
			);
			mainGroup = 07E62F5724D766EC006A074B;
			productRefGroup = 07E62F6124D766EC006A074B /* Products */;
			projectDirPath = "";
			projectRoot = "";
			targets = (
				07E62F5F24D766EC006A074B /* tip */,
				07E62F7524D766ED006A074B /* tipTests */,
				07E62F8024D766ED006A074B /* tipUITests */,
			);
		};
/* End PBXProject section */

/* Begin PBXResourcesBuildPhase section */
		07E62F5E24D766EC006A074B /* Resources */ = {
			isa = PBXResourcesBuildPhase;
			buildActionMask = 2147483647;
			files = (
				07E62F7024D766ED006A074B /* LaunchScreen.storyboard in Resources */,
				07E62F6D24D766ED006A074B /* Assets.xcassets in Resources */,
				07E62F6B24D766EC006A074B /* Main.storyboard in Resources */,
			);
			runOnlyForDeploymentPostprocessing = 0;
		};
		07E62F7424D766ED006A074B /* Resources */ = {
			isa = PBXResourcesBuildPhase;
			buildActionMask = 2147483647;
			files = (
			);
			runOnlyForDeploymentPostprocessing = 0;
		};
		07E62F7F24D766ED006A074B /* Resources */ = {
			isa = PBXResourcesBuildPhase;
			buildActionMask = 2147483647;
			files = (
			);
			runOnlyForDeploymentPostprocessing = 0;
		};
/* End PBXResourcesBuildPhase section */

/* Begin PBXSourcesBuildPhase section */
		07E62F5C24D766EC006A074B /* Sources */ = {
			isa = PBXSourcesBuildPhase;
			buildActionMask = 2147483647;
			files = (
				07E62F6824D766EC006A074B /* ViewController.swift in Sources */,
				07E62F6424D766EC006A074B /* AppDelegate.swift in Sources */,
				07E62F6624D766EC006A074B /* SceneDelegate.swift in Sources */,
			);
			runOnlyForDeploymentPostprocessing = 0;
		};
		07E62F7224D766ED006A074B /* Sources */ = {
			isa = PBXSourcesBuildPhase;
			buildActionMask = 2147483647;
			files = (
				07E62F7B24D766ED006A074B /* tipTests.swift in Sources */,
			);
			runOnlyForDeploymentPostprocessing = 0;
		};
		07E62F7D24D766ED006A074B /* Sources */ = {
			isa = PBXSourcesBuildPhase;
			buildActionMask = 2147483647;
			files = (
				07E62F8624D766ED006A074B /* tipUITests.swift in Sources */,
			);
			runOnlyForDeploymentPostprocessing = 0;
		};
/* End PBXSourcesBuildPhase section */

/* Begin PBXTargetDependency section */
		07E62F7824D766ED006A074B /* PBXTargetDependency */ = {
			isa = PBXTargetDependency;
			target = 07E62F5F24D766EC006A074B /* tip */;
			targetProxy = 07E62F7724D766ED006A074B /* PBXContainerItemProxy */;
		};
		07E62F8324D766ED006A074B /* PBXTargetDependency */ = {
			isa = PBXTargetDependency;
			target = 07E62F5F24D766EC006A074B /* tip */;
			targetProxy = 07E62F8224D766ED006A074B /* PBXContainerItemProxy */;
		};
/* End PBXTargetDependency section */

/* Begin PBXVariantGroup section */
		07E62F6924D766EC006A074B /* Main.storyboard */ = {
			isa = PBXVariantGroup;
			children = (
				07E62F6A24D766EC006A074B /* Base */,
			);
			name = Main.storyboard;
			sourceTree = "<group>";
		};
		07E62F6E24D766ED006A074B /* LaunchScreen.storyboard */ = {
			isa = PBXVariantGroup;
			children = (
				07E62F6F24D766ED006A074B /* Base */,
			);
			name = LaunchScreen.storyboard;
			sourceTree = "<group>";
		};
/* End PBXVariantGroup section */

/* Begin XCBuildConfiguration section */
		07E62F8824D766ED006A074B /* Debug */ = {
			isa = XCBuildConfiguration;
			buildSettings = {
				ALWAYS_SEARCH_USER_PATHS = NO;
				CLANG_ANALYZER_NONNULL = YES;
				CLANG_ANALYZER_NUMBER_OBJECT_CONVERSION = YES_AGGRESSIVE;
				CLANG_CXX_LANGUAGE_STANDARD = "gnu++14";
				CLANG_CXX_LIBRARY = "libc++";
				CLANG_ENABLE_MODULES = YES;
				CLANG_ENABLE_OBJC_ARC = YES;
				CLANG_ENABLE_OBJC_WEAK = YES;
				CLANG_WARN_BLOCK_CAPTURE_AUTORELEASING = YES;
				CLANG_WARN_BOOL_CONVERSION = YES;
				CLANG_WARN_COMMA = YES;
				CLANG_WARN_CONSTANT_CONVERSION = YES;
				CLANG_WARN_DEPRECATED_OBJC_IMPLEMENTATIONS = YES;
				CLANG_WARN_DIRECT_OBJC_ISA_USAGE = YES_ERROR;
				CLANG_WARN_DOCUMENTATION_COMMENTS = YES;
				CLANG_WARN_EMPTY_BODY = YES;
				CLANG_WARN_ENUM_CONVERSION = YES;
				CLANG_WARN_INFINITE_RECURSION = YES;
				CLANG_WARN_INT_CONVERSION = YES;
				CLANG_WARN_NON_LITERAL_NULL_CONVERSION = YES;
				CLANG_WARN_OBJC_IMPLICIT_RETAIN_SELF = YES;
				CLANG_WARN_OBJC_LITERAL_CONVERSION = YES;
				CLANG_WARN_OBJC_ROOT_CLASS = YES_ERROR;
				CLANG_WARN_RANGE_LOOP_ANALYSIS = YES;
				CLANG_WARN_STRICT_PROTOTYPES = YES;
				CLANG_WARN_SUSPICIOUS_MOVE = YES;
				CLANG_WARN_UNGUARDED_AVAILABILITY = YES_AGGRESSIVE;
				CLANG_WARN_UNREACHABLE_CODE = YES;
				CLANG_WARN__DUPLICATE_METHOD_MATCH = YES;
				COPY_PHASE_STRIP = NO;
				DEBUG_INFORMATION_FORMAT = dwarf;
				ENABLE_STRICT_OBJC_MSGSEND = YES;
				ENABLE_TESTABILITY = YES;
				GCC_C_LANGUAGE_STANDARD = gnu11;
				GCC_DYNAMIC_NO_PIC = NO;
				GCC_NO_COMMON_BLOCKS = YES;
				GCC_OPTIMIZATION_LEVEL = 0;
				GCC_PREPROCESSOR_DEFINITIONS = (
					"DEBUG=1",
					"$(inherited)",
				);
				GCC_WARN_64_TO_32_BIT_CONVERSION = YES;
				GCC_WARN_ABOUT_RETURN_TYPE = YES_ERROR;
				GCC_WARN_UNDECLARED_SELECTOR = YES;
				GCC_WARN_UNINITIALIZED_AUTOS = YES_AGGRESSIVE;
				GCC_WARN_UNUSED_FUNCTION = YES;
				GCC_WARN_UNUSED_VARIABLE = YES;
				IPHONEOS_DEPLOYMENT_TARGET = 13.2;
				MTL_ENABLE_DEBUG_INFO = INCLUDE_SOURCE;
				MTL_FAST_MATH = YES;
				ONLY_ACTIVE_ARCH = YES;
				SDKROOT = iphoneos;
				SWIFT_ACTIVE_COMPILATION_CONDITIONS = DEBUG;
				SWIFT_OPTIMIZATION_LEVEL = "-Onone";
			};
			name = Debug;
		};
		07E62F8924D766ED006A074B /* Release */ = {
			isa = XCBuildConfiguration;
			buildSettings = {
				ALWAYS_SEARCH_USER_PATHS = NO;
				CLANG_ANALYZER_NONNULL = YES;
				CLANG_ANALYZER_NUMBER_OBJECT_CONVERSION = YES_AGGRESSIVE;
				CLANG_CXX_LANGUAGE_STANDARD = "gnu++14";
				CLANG_CXX_LIBRARY = "libc++";
				CLANG_ENABLE_MODULES = YES;
				CLANG_ENABLE_OBJC_ARC = YES;
				CLANG_ENABLE_OBJC_WEAK = YES;
				CLANG_WARN_BLOCK_CAPTURE_AUTORELEASING = YES;
				CLANG_WARN_BOOL_CONVERSION = YES;
				CLANG_WARN_COMMA = YES;
				CLANG_WARN_CONSTANT_CONVERSION = YES;
				CLANG_WARN_DEPRECATED_OBJC_IMPLEMENTATIONS = YES;
				CLANG_WARN_DIRECT_OBJC_ISA_USAGE = YES_ERROR;
				CLANG_WARN_DOCUMENTATION_COMMENTS = YES;
				CLANG_WARN_EMPTY_BODY = YES;
				CLANG_WARN_ENUM_CONVERSION = YES;
				CLANG_WARN_INFINITE_RECURSION = YES;
				CLANG_WARN_INT_CONVERSION = YES;
				CLANG_WARN_NON_LITERAL_NULL_CONVERSION = YES;
				CLANG_WARN_OBJC_IMPLICIT_RETAIN_SELF = YES;
				CLANG_WARN_OBJC_LITERAL_CONVERSION = YES;
				CLANG_WARN_OBJC_ROOT_CLASS = YES_ERROR;
				CLANG_WARN_RANGE_LOOP_ANALYSIS = YES;
				CLANG_WARN_STRICT_PROTOTYPES = YES;
				CLANG_WARN_SUSPICIOUS_MOVE = YES;
				CLANG_WARN_UNGUARDED_AVAILABILITY = YES_AGGRESSIVE;
				CLANG_WARN_UNREACHABLE_CODE = YES;
				CLANG_WARN__DUPLICATE_METHOD_MATCH = YES;
				COPY_PHASE_STRIP = NO;
				DEBUG_INFORMATION_FORMAT = "dwarf-with-dsym";
				ENABLE_NS_ASSERTIONS = NO;
				ENABLE_STRICT_OBJC_MSGSEND = YES;
				GCC_C_LANGUAGE_STANDARD = gnu11;
				GCC_NO_COMMON_BLOCKS = YES;
				GCC_WARN_64_TO_32_BIT_CONVERSION = YES;
				GCC_WARN_ABOUT_RETURN_TYPE = YES_ERROR;
				GCC_WARN_UNDECLARED_SELECTOR = YES;
				GCC_WARN_UNINITIALIZED_AUTOS = YES_AGGRESSIVE;
				GCC_WARN_UNUSED_FUNCTION = YES;
				GCC_WARN_UNUSED_VARIABLE = YES;
				IPHONEOS_DEPLOYMENT_TARGET = 13.2;
				MTL_ENABLE_DEBUG_INFO = NO;
				MTL_FAST_MATH = YES;
				SDKROOT = iphoneos;
				SWIFT_COMPILATION_MODE = wholemodule;
				SWIFT_OPTIMIZATION_LEVEL = "-O";
				VALIDATE_PRODUCT = YES;
			};
			name = Release;
		};
		07E62F8B24D766ED006A074B /* Debug */ = {
			isa = XCBuildConfiguration;
			buildSettings = {
				ASSETCATALOG_COMPILER_APPICON_NAME = AppIcon;
				CODE_SIGN_STYLE = Automatic;
				INFOPLIST_FILE = tip/Info.plist;
				LD_RUNPATH_SEARCH_PATHS = (
					"$(inherited)",
					"@executable_path/Frameworks",
				);
				PRODUCT_BUNDLE_IDENTIFIER = Codepath.tip;
				PRODUCT_NAME = "$(TARGET_NAME)";
				SWIFT_VERSION = 5.0;
				TARGETED_DEVICE_FAMILY = "1,2";
			};
			name = Debug;
		};
		07E62F8C24D766ED006A074B /* Release */ = {
			isa = XCBuildConfiguration;
			buildSettings = {
				ASSETCATALOG_COMPILER_APPICON_NAME = AppIcon;
				CODE_SIGN_STYLE = Automatic;
				INFOPLIST_FILE = tip/Info.plist;
				LD_RUNPATH_SEARCH_PATHS = (
					"$(inherited)",
					"@executable_path/Frameworks",
				);
				PRODUCT_BUNDLE_IDENTIFIER = Codepath.tip;
				PRODUCT_NAME = "$(TARGET_NAME)";
				SWIFT_VERSION = 5.0;
				TARGETED_DEVICE_FAMILY = "1,2";
			};
			name = Release;
		};
		07E62F8E24D766ED006A074B /* Debug */ = {
			isa = XCBuildConfiguration;
			buildSettings = {
				ALWAYS_EMBED_SWIFT_STANDARD_LIBRARIES = YES;
				BUNDLE_LOADER = "$(TEST_HOST)";
				CODE_SIGN_STYLE = Automatic;
				INFOPLIST_FILE = tipTests/Info.plist;
				IPHONEOS_DEPLOYMENT_TARGET = 13.2;
				LD_RUNPATH_SEARCH_PATHS = (
					"$(inherited)",
					"@executable_path/Frameworks",
					"@loader_path/Frameworks",
				);
				PRODUCT_BUNDLE_IDENTIFIER = Codepath.tipTests;
				PRODUCT_NAME = "$(TARGET_NAME)";
				SWIFT_VERSION = 5.0;
				TARGETED_DEVICE_FAMILY = "1,2";
				TEST_HOST = "$(BUILT_PRODUCTS_DIR)/tip.app/tip";
			};
			name = Debug;
		};
		07E62F8F24D766ED006A074B /* Release */ = {
			isa = XCBuildConfiguration;
			buildSettings = {
				ALWAYS_EMBED_SWIFT_STANDARD_LIBRARIES = YES;
				BUNDLE_LOADER = "$(TEST_HOST)";
				CODE_SIGN_STYLE = Automatic;
				INFOPLIST_FILE = tipTests/Info.plist;
				IPHONEOS_DEPLOYMENT_TARGET = 13.2;
				LD_RUNPATH_SEARCH_PATHS = (
					"$(inherited)",
					"@executable_path/Frameworks",
					"@loader_path/Frameworks",
				);
				PRODUCT_BUNDLE_IDENTIFIER = Codepath.tipTests;
				PRODUCT_NAME = "$(TARGET_NAME)";
				SWIFT_VERSION = 5.0;
				TARGETED_DEVICE_FAMILY = "1,2";
				TEST_HOST = "$(BUILT_PRODUCTS_DIR)/tip.app/tip";
			};
			name = Release;
		};
		07E62F9124D766ED006A074B /* Debug */ = {
			isa = XCBuildConfiguration;
			buildSettings = {
				ALWAYS_EMBED_SWIFT_STANDARD_LIBRARIES = YES;
				CODE_SIGN_STYLE = Automatic;
				INFOPLIST_FILE = tipUITests/Info.plist;
				LD_RUNPATH_SEARCH_PATHS = (
					"$(inherited)",
					"@executable_path/Frameworks",
					"@loader_path/Frameworks",
				);
				PRODUCT_BUNDLE_IDENTIFIER = Codepath.tipUITests;
				PRODUCT_NAME = "$(TARGET_NAME)";
				SWIFT_VERSION = 5.0;
				TARGETED_DEVICE_FAMILY = "1,2";
				TEST_TARGET_NAME = tip;
			};
			name = Debug;
		};
		07E62F9224D766ED006A074B /* Release */ = {
			isa = XCBuildConfiguration;
			buildSettings = {
				ALWAYS_EMBED_SWIFT_STANDARD_LIBRARIES = YES;
				CODE_SIGN_STYLE = Automatic;
				INFOPLIST_FILE = tipUITests/Info.plist;
				LD_RUNPATH_SEARCH_PATHS = (
					"$(inherited)",
					"@executable_path/Frameworks",
					"@loader_path/Frameworks",
				);
				PRODUCT_BUNDLE_IDENTIFIER = Codepath.tipUITests;
				PRODUCT_NAME = "$(TARGET_NAME)";
				SWIFT_VERSION = 5.0;
				TARGETED_DEVICE_FAMILY = "1,2";
				TEST_TARGET_NAME = tip;
			};
			name = Release;
		};
/* End XCBuildConfiguration section */

/* Begin XCConfigurationList section */
		07E62F5B24D766EC006A074B /* Build configuration list for PBXProject "tip" */ = {
			isa = XCConfigurationList;
			buildConfigurations = (
				07E62F8824D766ED006A074B /* Debug */,
				07E62F8924D766ED006A074B /* Release */,
			);
			defaultConfigurationIsVisible = 0;
			defaultConfigurationName = Release;
		};
		07E62F8A24D766ED006A074B /* Build configuration list for PBXNativeTarget "tip" */ = {
			isa = XCConfigurationList;
			buildConfigurations = (
				07E62F8B24D766ED006A074B /* Debug */,
				07E62F8C24D766ED006A074B /* Release */,
			);
			defaultConfigurationIsVisible = 0;
			defaultConfigurationName = Release;
		};
		07E62F8D24D766ED006A074B /* Build configuration list for PBXNativeTarget "tipTests" */ = {
			isa = XCConfigurationList;
			buildConfigurations = (
				07E62F8E24D766ED006A074B /* Debug */,
				07E62F8F24D766ED006A074B /* Release */,
			);
			defaultConfigurationIsVisible = 0;
			defaultConfigurationName = Release;
		};
		07E62F9024D766ED006A074B /* Build configuration list for PBXNativeTarget "tipUITests" */ = {
			isa = XCConfigurationList;
			buildConfigurations = (
				07E62F9124D766ED006A074B /* Debug */,
				07E62F9224D766ED006A074B /* Release */,
			);
			defaultConfigurationIsVisible = 0;
			defaultConfigurationName = Release;
		};
/* End XCConfigurationList section */
	};
	rootObject = 07E62F5824D766EC006A074B /* Project object */;
}
